
Microsoft Visual Studio Solution File, Format Version 12.00
# Visual Studio 15
VisualStudioVersion = 15.0.26124.0
MinimumVisualStudioVersion = 15.0.26124.0
Project("{FAE04EC0-301F-11D3-BF4B-00C04F79EFBC}") = "PaymentContext.Domain", "PaymentContext.Domain\PaymentContext.Domain.csproj", "{9760D4F2-AF06-4689-8573-74487487095B}"
EndProject
Project("{FAE04EC0-301F-11D3-BF4B-00C04F79EFBC}") = "PaymentContext.Shared", "PaymentContext.Shared\PaymentContext.Shared.csproj", "{A9C59609-A8BF-4282-80E3-B4EFB445AC5B}"
EndProject
Project("{FAE04EC0-301F-11D3-BF4B-00C04F79EFBC}") = "PaymentContext.Tests", "PaymentContext.Tests\PaymentContext.Tests.csproj", "{A6FDDE99-B59B-4947-AF93-FE2FAD673FCB}"
EndProject
Global
	GlobalSection(SolutionConfigurationPlatforms) = preSolution
		Debug|Any CPU = Debug|Any CPU
		Debug|x64 = Debug|x64
		Debug|x86 = Debug|x86
		Release|Any CPU = Release|Any CPU
		Release|x64 = Release|x64
		Release|x86 = Release|x86
	EndGlobalSection
	GlobalSection(SolutionProperties) = preSolution
		HideSolutionNode = FALSE
	EndGlobalSection
	GlobalSection(ProjectConfigurationPlatforms) = postSolution
		{9760D4F2-AF06-4689-8573-74487487095B}.Debug|Any CPU.ActiveCfg = Debug|Any CPU
		{9760D4F2-AF06-4689-8573-74487487095B}.Debug|Any CPU.Build.0 = Debug|Any CPU
		{9760D4F2-AF06-4689-8573-74487487095B}.Debug|x64.ActiveCfg = Debug|Any CPU
		{9760D4F2-AF06-4689-8573-74487487095B}.Debug|x64.Build.0 = Debug|Any CPU
		{9760D4F2-AF06-4689-8573-74487487095B}.Debug|x86.ActiveCfg = Debug|Any CPU
		{9760D4F2-AF06-4689-8573-74487487095B}.Debug|x86.Build.0 = Debug|Any CPU
		{9760D4F2-AF06-4689-8573-74487487095B}.Release|Any CPU.ActiveCfg = Release|Any CPU
		{9760D4F2-AF06-4689-8573-74487487095B}.Release|Any CPU.Build.0 = Release|Any CPU
		{9760D4F2-AF06-4689-8573-74487487095B}.Release|x64.ActiveCfg = Release|Any CPU
		{9760D4F2-AF06-4689-8573-74487487095B}.Release|x64.Build.0 = Release|Any CPU
		{9760D4F2-AF06-4689-8573-74487487095B}.Release|x86.ActiveCfg = Release|Any CPU
		{9760D4F2-AF06-4689-8573-74487487095B}.Release|x86.Build.0 = Release|Any CPU
		{A9C59609-A8BF-4282-80E3-B4EFB445AC5B}.Debug|Any CPU.ActiveCfg = Debug|Any CPU
		{A9C59609-A8BF-4282-80E3-B4EFB445AC5B}.Debug|Any CPU.Build.0 = Debug|Any CPU
		{A9C59609-A8BF-4282-80E3-B4EFB445AC5B}.Debug|x64.ActiveCfg = Debug|Any CPU
		{A9C59609-A8BF-4282-80E3-B4EFB445AC5B}.Debug|x64.Build.0 = Debug|Any CPU
		{A9C59609-A8BF-4282-80E3-B4EFB445AC5B}.Debug|x86.ActiveCfg = Debug|Any CPU
		{A9C59609-A8BF-4282-80E3-B4EFB445AC5B}.Debug|x86.Build.0 = Debug|Any CPU
		{A9C59609-A8BF-4282-80E3-B4EFB445AC5B}.Release|Any CPU.ActiveCfg = Release|Any CPU
		{A9C59609-A8BF-4282-80E3-B4EFB445AC5B}.Release|Any CPU.Build.0 = Release|Any CPU
		{A9C59609-A8BF-4282-80E3-B4EFB445AC5B}.Release|x64.ActiveCfg = Release|Any CPU
		{A9C59609-A8BF-4282-80E3-B4EFB445AC5B}.Release|x64.Build.0 = Release|Any CPU
		{A9C59609-A8BF-4282-80E3-B4EFB445AC5B}.Release|x86.ActiveCfg = Release|Any CPU
		{A9C59609-A8BF-4282-80E3-B4EFB445AC5B}.Release|x86.Build.0 = Release|Any CPU
		{A6FDDE99-B59B-4947-AF93-FE2FAD673FCB}.Debug|Any CPU.ActiveCfg = Debug|Any CPU
		{A6FDDE99-B59B-4947-AF93-FE2FAD673FCB}.Debug|Any CPU.Build.0 = Debug|Any CPU
		{A6FDDE99-B59B-4947-AF93-FE2FAD673FCB}.Debug|x64.ActiveCfg = Debug|Any CPU
		{A6FDDE99-B59B-4947-AF93-FE2FAD673FCB}.Debug|x64.Build.0 = Debug|Any CPU
		{A6FDDE99-B59B-4947-AF93-FE2FAD673FCB}.Debug|x86.ActiveCfg = Debug|Any CPU
		{A6FDDE99-B59B-4947-AF93-FE2FAD673FCB}.Debug|x86.Build.0 = Debug|Any CPU
		{A6FDDE99-B59B-4947-AF93-FE2FAD673FCB}.Release|Any CPU.ActiveCfg = Release|Any CPU
		{A6FDDE99-B59B-4947-AF93-FE2FAD673FCB}.Release|Any CPU.Build.0 = Release|Any CPU
		{A6FDDE99-B59B-4947-AF93-FE2FAD673FCB}.Release|x64.ActiveCfg = Release|Any CPU
		{A6FDDE99-B59B-4947-AF93-FE2FAD673FCB}.Release|x64.Build.0 = Release|Any CPU
		{A6FDDE99-B59B-4947-AF93-FE2FAD673FCB}.Release|x86.ActiveCfg = Release|Any CPU
		{A6FDDE99-B59B-4947-AF93-FE2FAD673FCB}.Release|x86.Build.0 = Release|Any CPU
	EndGlobalSection
EndGlobal
